
Microsoft Visual Studio Solution File, Format Version 12.00
# Visual Studio Version 17
VisualStudioVersion = 17.5.002.0
MinimumVisualStudioVersion = 10.0.40219.1
Project("{9A19103F-16F7-4668-BE54-9A1E7A4F7556}") = "Dicenamics", "Dicenamics.csproj", "{B9C85A15-9E24-45A5-BF73-491625DF305C}"
EndProject
Global
	GlobalSection(SolutionConfigurationPlatforms) = preSolution
		Debug|Any CPU = Debug|Any CPU
		Release|Any CPU = Release|Any CPU
	EndGlobalSection
	GlobalSection(ProjectConfigurationPlatforms) = postSolution
		{B9C85A15-9E24-45A5-BF73-491625DF305C}.Debug|Any CPU.ActiveCfg = Debug|Any CPU
		{B9C85A15-9E24-45A5-BF73-491625DF305C}.Debug|Any CPU.Build.0 = Debug|Any CPU
		{B9C85A15-9E24-45A5-BF73-491625DF305C}.Release|Any CPU.ActiveCfg = Release|Any CPU
		{B9C85A15-9E24-45A5-BF73-491625DF305C}.Release|Any CPU.Build.0 = Release|Any CPU
	EndGlobalSection
	GlobalSection(SolutionProperties) = preSolution
		HideSolutionNode = FALSE
	EndGlobalSection
	GlobalSection(ExtensibilityGlobals) = postSolution
		SolutionGuid = {606DCE25-5ACD-48DE-B4AC-64D047C5C884}
	EndGlobalSection
EndGlobal
